
Microsoft Visual Studio Solution File, Format Version 12.00
# Visual Studio Version 16
VisualStudioVersion = 16.0.29009.5
MinimumVisualStudioVersion = 10.0.40219.1
Project("{FAE04EC0-301F-11D3-BF4B-00C04F79EFBC}") = "SpiderAPILoL", "SpiderAPILoL.csproj", "{8EBEA98B-7809-45FF-891D-D102ACD47336}"
EndProject
Global
	GlobalSection(SolutionConfigurationPlatforms) = preSolution
		Debug|Any CPU = Debug|Any CPU
		Release|Any CPU = Release|Any CPU
	EndGlobalSection
	GlobalSection(ProjectConfigurationPlatforms) = postSolution
		{8EBEA98B-7809-45FF-891D-D102ACD47336}.Debug|Any CPU.ActiveCfg = Debug|Any CPU
		{8EBEA98B-7809-45FF-891D-D102ACD47336}.Debug|Any CPU.Build.0 = Debug|Any CPU
		{8EBEA98B-7809-45FF-891D-D102ACD47336}.Release|Any CPU.ActiveCfg = Release|Any CPU
		{8EBEA98B-7809-45FF-891D-D102ACD47336}.Release|Any CPU.Build.0 = Release|Any CPU
	EndGlobalSection
	GlobalSection(SolutionProperties) = preSolution
		HideSolutionNode = FALSE
	EndGlobalSection
	GlobalSection(ExtensibilityGlobals) = postSolution
		SolutionGuid = {116E24A8-C2D1-42E8-A269-36108A531685}
	EndGlobalSection
EndGlobal
